
Microsoft Visual Studio Solution File, Format Version 12.00
# Visual Studio Version 16
VisualStudioVersion = 16.0.34601.136
MinimumVisualStudioVersion = 10.0.40219.1
Project("{FAE04EC0-301F-11D3-BF4B-00C04F79EFBC}") = "RIFMSvc", "RIFMSvc\RIFMSvc.csproj", "{158EB527-1C8C-4193-90CC-37E087EE9DF1}"
EndProject
Global
	GlobalSection(SolutionConfigurationPlatforms) = preSolution
		Debug|Any CPU = Debug|Any CPU
		Debug|x64 = Debug|x64
		Release|Any CPU = Release|Any CPU
		Release|x64 = Release|x64
	EndGlobalSection
	GlobalSection(ProjectConfigurationPlatforms) = postSolution
		{158EB527-1C8C-4193-90CC-37E087EE9DF1}.Debug|Any CPU.ActiveCfg = Debug|Any CPU
		{158EB527-1C8C-4193-90CC-37E087EE9DF1}.Debug|Any CPU.Build.0 = Debug|Any CPU
		{158EB527-1C8C-4193-90CC-37E087EE9DF1}.Debug|x64.ActiveCfg = Debug|x64
		{158EB527-1C8C-4193-90CC-37E087EE9DF1}.Debug|x64.Build.0 = Debug|x64
		{158EB527-1C8C-4193-90CC-37E087EE9DF1}.Release|Any CPU.ActiveCfg = Release|Any CPU
		{158EB527-1C8C-4193-90CC-37E087EE9DF1}.Release|Any CPU.Build.0 = Release|Any CPU
		{158EB527-1C8C-4193-90CC-37E087EE9DF1}.Release|x64.ActiveCfg = Release|x64
		{158EB527-1C8C-4193-90CC-37E087EE9DF1}.Release|x64.Build.0 = Release|x64
	EndGlobalSection
	GlobalSection(SolutionProperties) = preSolution
		HideSolutionNode = FALSE
	EndGlobalSection
	GlobalSection(ExtensibilityGlobals) = postSolution
		SolutionGuid = {7AFE536B-B4AB-453E-8E9A-7D6660019F9A}
	EndGlobalSection
EndGlobal
